
Microsoft Visual Studio Solution File, Format Version 12.00
# Visual Studio Version 17
VisualStudioVersion = 17.0.31903.59
MinimumVisualStudioVersion = 10.0.40219.1
Project("{2150E333-8FDC-42A3-9474-1A3956D46DE8}") = "src", "src", "{F718D633-8B7A-4B20-82B0-2C7BA5B94C22}"
EndProject
Project("{FAE04EC0-301F-11D3-BF4B-00C04F79EFBC}") = "Tony.Listener", "src\Tony.Listener\Tony.Listener.csproj", "{61902319-B530-4B8A-BB68-C72FA553D14A}"
EndProject
Project("{FAE04EC0-301F-11D3-BF4B-00C04F79EFBC}") = "Tony.Player", "src\Tony.Player\Tony.Player.csproj", "{71768AD9-DEB7-44C8-84A4-C35CB7CE3680}"
EndProject
Project("{FAE04EC0-301F-11D3-BF4B-00C04F79EFBC}") = "Tony.Protos", "src\Tony.Protos\Tony.Protos.csproj", "{A4B74D0E-DFCE-4C38-B695-389562FF671A}"
EndProject
Project("{2150E333-8FDC-42A3-9474-1A3956D46DE8}") = "Solution Items", "Solution Items", "{67032BEE-BA1C-494E-9728-A5EBB6596DB4}"
	ProjectSection(SolutionItems) = preProject
		.gitignore = .gitignore
		README.md = README.md
	EndProjectSection
EndProject
Project("{FAE04EC0-301F-11D3-BF4B-00C04F79EFBC}") = "Tony.Rooms", "src\Tony.Rooms\Tony.Rooms.csproj", "{663ECDE0-D19C-4147-BA69-CA3E24F89C9D}"
EndProject
Global
	GlobalSection(SolutionConfigurationPlatforms) = preSolution
		Debug|Any CPU = Debug|Any CPU
		Release|Any CPU = Release|Any CPU
	EndGlobalSection
	GlobalSection(ProjectConfigurationPlatforms) = postSolution
		{61902319-B530-4B8A-BB68-C72FA553D14A}.Debug|Any CPU.ActiveCfg = Debug|Any CPU
		{61902319-B530-4B8A-BB68-C72FA553D14A}.Debug|Any CPU.Build.0 = Debug|Any CPU
		{61902319-B530-4B8A-BB68-C72FA553D14A}.Release|Any CPU.ActiveCfg = Release|Any CPU
		{61902319-B530-4B8A-BB68-C72FA553D14A}.Release|Any CPU.Build.0 = Release|Any CPU
		{71768AD9-DEB7-44C8-84A4-C35CB7CE3680}.Debug|Any CPU.ActiveCfg = Debug|Any CPU
		{71768AD9-DEB7-44C8-84A4-C35CB7CE3680}.Debug|Any CPU.Build.0 = Debug|Any CPU
		{71768AD9-DEB7-44C8-84A4-C35CB7CE3680}.Release|Any CPU.ActiveCfg = Release|Any CPU
		{71768AD9-DEB7-44C8-84A4-C35CB7CE3680}.Release|Any CPU.Build.0 = Release|Any CPU
		{A4B74D0E-DFCE-4C38-B695-389562FF671A}.Debug|Any CPU.ActiveCfg = Debug|Any CPU
		{A4B74D0E-DFCE-4C38-B695-389562FF671A}.Debug|Any CPU.Build.0 = Debug|Any CPU
		{A4B74D0E-DFCE-4C38-B695-389562FF671A}.Release|Any CPU.ActiveCfg = Release|Any CPU
		{A4B74D0E-DFCE-4C38-B695-389562FF671A}.Release|Any CPU.Build.0 = Release|Any CPU
		{663ECDE0-D19C-4147-BA69-CA3E24F89C9D}.Debug|Any CPU.ActiveCfg = Debug|Any CPU
		{663ECDE0-D19C-4147-BA69-CA3E24F89C9D}.Debug|Any CPU.Build.0 = Debug|Any CPU
		{663ECDE0-D19C-4147-BA69-CA3E24F89C9D}.Release|Any CPU.ActiveCfg = Release|Any CPU
		{663ECDE0-D19C-4147-BA69-CA3E24F89C9D}.Release|Any CPU.Build.0 = Release|Any CPU
	EndGlobalSection
	GlobalSection(SolutionProperties) = preSolution
		HideSolutionNode = FALSE
	EndGlobalSection
	GlobalSection(NestedProjects) = preSolution
		{61902319-B530-4B8A-BB68-C72FA553D14A} = {F718D633-8B7A-4B20-82B0-2C7BA5B94C22}
		{71768AD9-DEB7-44C8-84A4-C35CB7CE3680} = {F718D633-8B7A-4B20-82B0-2C7BA5B94C22}
		{A4B74D0E-DFCE-4C38-B695-389562FF671A} = {F718D633-8B7A-4B20-82B0-2C7BA5B94C22}
		{663ECDE0-D19C-4147-BA69-CA3E24F89C9D} = {F718D633-8B7A-4B20-82B0-2C7BA5B94C22}
	EndGlobalSection
EndGlobal
