
Microsoft Visual Studio Solution File, Format Version 12.00
# Visual Studio Version 17
VisualStudioVersion = 17.0.31903.59
MinimumVisualStudioVersion = 10.0.40219.1
Project("{2150E333-8FDC-42A3-9474-1A3956D46DE8}") = "src", "src", "{F718D633-8B7A-4B20-82B0-2C7BA5B94C22}"
EndProject
Project("{2150E333-8FDC-42A3-9474-1A3956D46DE8}") = "Solution Items", "Solution Items", "{67032BEE-BA1C-494E-9728-A5EBB6596DB4}"
	ProjectSection(SolutionItems) = preProject
		.editorconfig = .editorconfig
		.gitignore = .gitignore
		README.md = README.md
	EndProjectSection
EndProject
Project("{FAE04EC0-301F-11D3-BF4B-00C04F79EFBC}") = "Tony.Sdk", "src\Tony.Sdk\Tony.Sdk.csproj", "{E0C250D1-DBB6-4848-8618-86E198E9B577}"
EndProject
Project("{FAE04EC0-301F-11D3-BF4B-00C04F79EFBC}") = "Tony.Server", "src\Tony.Server\Tony.Server.csproj", "{197E642B-5C2E-48B7-874F-33C23AB5AB3D}"
EndProject
Project("{FAE04EC0-301F-11D3-BF4B-00C04F79EFBC}") = "Tony.Revisions.V14", "src\Tony.Revisions.V14\Tony.Revisions.V14.csproj", "{9CEAA7B3-1F70-4864-9C20-F6DA82895D3F}"
EndProject
Global
	GlobalSection(SolutionConfigurationPlatforms) = preSolution
		Debug|Any CPU = Debug|Any CPU
		Release|Any CPU = Release|Any CPU
	EndGlobalSection
	GlobalSection(ProjectConfigurationPlatforms) = postSolution
		{E0C250D1-DBB6-4848-8618-86E198E9B577}.Debug|Any CPU.ActiveCfg = Debug|Any CPU
		{E0C250D1-DBB6-4848-8618-86E198E9B577}.Debug|Any CPU.Build.0 = Debug|Any CPU
		{E0C250D1-DBB6-4848-8618-86E198E9B577}.Release|Any CPU.ActiveCfg = Release|Any CPU
		{E0C250D1-DBB6-4848-8618-86E198E9B577}.Release|Any CPU.Build.0 = Release|Any CPU
		{197E642B-5C2E-48B7-874F-33C23AB5AB3D}.Debug|Any CPU.ActiveCfg = Debug|Any CPU
		{197E642B-5C2E-48B7-874F-33C23AB5AB3D}.Debug|Any CPU.Build.0 = Debug|Any CPU
		{197E642B-5C2E-48B7-874F-33C23AB5AB3D}.Release|Any CPU.ActiveCfg = Release|Any CPU
		{197E642B-5C2E-48B7-874F-33C23AB5AB3D}.Release|Any CPU.Build.0 = Release|Any CPU
		{9CEAA7B3-1F70-4864-9C20-F6DA82895D3F}.Debug|Any CPU.ActiveCfg = Debug|Any CPU
		{9CEAA7B3-1F70-4864-9C20-F6DA82895D3F}.Debug|Any CPU.Build.0 = Debug|Any CPU
		{9CEAA7B3-1F70-4864-9C20-F6DA82895D3F}.Release|Any CPU.ActiveCfg = Release|Any CPU
		{9CEAA7B3-1F70-4864-9C20-F6DA82895D3F}.Release|Any CPU.Build.0 = Release|Any CPU
	EndGlobalSection
	GlobalSection(SolutionProperties) = preSolution
		HideSolutionNode = FALSE
	EndGlobalSection
	GlobalSection(NestedProjects) = preSolution
		{E0C250D1-DBB6-4848-8618-86E198E9B577} = {F718D633-8B7A-4B20-82B0-2C7BA5B94C22}
		{197E642B-5C2E-48B7-874F-33C23AB5AB3D} = {F718D633-8B7A-4B20-82B0-2C7BA5B94C22}
		{9CEAA7B3-1F70-4864-9C20-F6DA82895D3F} = {F718D633-8B7A-4B20-82B0-2C7BA5B94C22}
	EndGlobalSection
	GlobalSection(ExtensibilityGlobals) = postSolution
		SolutionGuid = {5EBC12AB-28E2-4270-8AB1-CD6ABF18F124}
	EndGlobalSection
EndGlobal
